// !$*UTF8*$!
{
	archiveVersion = 1;
	classes = {
	};
	objectVersion = 50;
	objects = {

/* Begin PBXBuildFile section */
		8C1845B2237C5A0D00C0D72F /* AppDelegate.swift in Sources */ = {isa = PBXBuildFile; fileRef = 8C1845B1237C5A0D00C0D72F /* AppDelegate.swift */; };
		8C1845B4237C5A0D00C0D72F /* SceneDelegate.swift in Sources */ = {isa = PBXBuildFile; fileRef = 8C1845B3237C5A0D00C0D72F /* SceneDelegate.swift */; };
		8C1845B6237C5A0D00C0D72F /* MapViewController.swift in Sources */ = {isa = PBXBuildFile; fileRef = 8C1845B5237C5A0D00C0D72F /* MapViewController.swift */; };
		8C1845B9237C5A0D00C0D72F /* Main.storyboard in Resources */ = {isa = PBXBuildFile; fileRef = 8C1845B7237C5A0D00C0D72F /* Main.storyboard */; };
		8C1845BC237C5A0D00C0D72F /* JourneyTracker.xcdatamodeld in Sources */ = {isa = PBXBuildFile; fileRef = 8C1845BA237C5A0D00C0D72F /* JourneyTracker.xcdatamodeld */; };
		8C1845BE237C5A0F00C0D72F /* Assets.xcassets in Resources */ = {isa = PBXBuildFile; fileRef = 8C1845BD237C5A0F00C0D72F /* Assets.xcassets */; };
		8C1845C1237C5A0F00C0D72F /* LaunchScreen.storyboard in Resources */ = {isa = PBXBuildFile; fileRef = 8C1845BF237C5A0F00C0D72F /* LaunchScreen.storyboard */; };
		8C1845CC237C5A0F00C0D72F /* JourneyTrackerTests.swift in Sources */ = {isa = PBXBuildFile; fileRef = 8C1845CB237C5A0F00C0D72F /* JourneyTrackerTests.swift */; };
		8C1845DB237C647500C0D72F /* JourneyViewController.swift in Sources */ = {isa = PBXBuildFile; fileRef = 8C1845DA237C647500C0D72F /* JourneyViewController.swift */; };
		8C1845E6237E02EF00C0D72F /* TrackingManager.swift in Sources */ = {isa = PBXBuildFile; fileRef = 8C1845E5237E02EF00C0D72F /* TrackingManager.swift */; };
		8CDFE8E8237E0E3600A3C464 /* CoreDataManager.swift in Sources */ = {isa = PBXBuildFile; fileRef = 8CDFE8E7237E0E3600A3C464 /* CoreDataManager.swift */; };
		8CDFE8EF237E136D00A3C464 /* JourneyTableViewCell.swift in Sources */ = {isa = PBXBuildFile; fileRef = 8CDFE8EE237E136D00A3C464 /* JourneyTableViewCell.swift */; };
/* End PBXBuildFile section */

/* Begin PBXContainerItemProxy section */
		8C1845C8237C5A0F00C0D72F /* PBXContainerItemProxy */ = {
			isa = PBXContainerItemProxy;
			containerPortal = 8C1845A6237C5A0D00C0D72F /* Project object */;
			proxyType = 1;
			remoteGlobalIDString = 8C1845AD237C5A0D00C0D72F;
			remoteInfo = JourneyTracker;
		};
/* End PBXContainerItemProxy section */

/* Begin PBXFileReference section */
		8C1845AE237C5A0D00C0D72F /* JourneyTracker.app */ = {isa = PBXFileReference; explicitFileType = wrapper.application; includeInIndex = 0; path = JourneyTracker.app; sourceTree = BUILT_PRODUCTS_DIR; };
		8C1845B1237C5A0D00C0D72F /* AppDelegate.swift */ = {isa = PBXFileReference; lastKnownFileType = sourcecode.swift; path = AppDelegate.swift; sourceTree = "<group>"; };
		8C1845B3237C5A0D00C0D72F /* SceneDelegate.swift */ = {isa = PBXFileReference; lastKnownFileType = sourcecode.swift; path = SceneDelegate.swift; sourceTree = "<group>"; };
		8C1845B5237C5A0D00C0D72F /* MapViewController.swift */ = {isa = PBXFileReference; lastKnownFileType = sourcecode.swift; path = MapViewController.swift; sourceTree = "<group>"; };
		8C1845B8237C5A0D00C0D72F /* Base */ = {isa = PBXFileReference; lastKnownFileType = file.storyboard; name = Base; path = Base.lproj/Main.storyboard; sourceTree = "<group>"; };
		8C1845BB237C5A0D00C0D72F /* JourneyTracker.xcdatamodel */ = {isa = PBXFileReference; lastKnownFileType = wrapper.xcdatamodel; path = JourneyTracker.xcdatamodel; sourceTree = "<group>"; };
		8C1845BD237C5A0F00C0D72F /* Assets.xcassets */ = {isa = PBXFileReference; lastKnownFileType = folder.assetcatalog; path = Assets.xcassets; sourceTree = "<group>"; };
		8C1845C0237C5A0F00C0D72F /* Base */ = {isa = PBXFileReference; lastKnownFileType = file.storyboard; name = Base; path = Base.lproj/LaunchScreen.storyboard; sourceTree = "<group>"; };
		8C1845C2237C5A0F00C0D72F /* Info.plist */ = {isa = PBXFileReference; lastKnownFileType = text.plist.xml; path = Info.plist; sourceTree = "<group>"; };
		8C1845C7237C5A0F00C0D72F /* JourneyTrackerTests.xctest */ = {isa = PBXFileReference; explicitFileType = wrapper.cfbundle; includeInIndex = 0; path = JourneyTrackerTests.xctest; sourceTree = BUILT_PRODUCTS_DIR; };
		8C1845CB237C5A0F00C0D72F /* JourneyTrackerTests.swift */ = {isa = PBXFileReference; lastKnownFileType = sourcecode.swift; path = JourneyTrackerTests.swift; sourceTree = "<group>"; };
		8C1845CD237C5A0F00C0D72F /* Info.plist */ = {isa = PBXFileReference; lastKnownFileType = text.plist.xml; path = Info.plist; sourceTree = "<group>"; };
		8C1845DA237C647500C0D72F /* JourneyViewController.swift */ = {isa = PBXFileReference; lastKnownFileType = sourcecode.swift; path = JourneyViewController.swift; sourceTree = "<group>"; };
		8C1845E5237E02EF00C0D72F /* TrackingManager.swift */ = {isa = PBXFileReference; lastKnownFileType = sourcecode.swift; name = TrackingManager.swift; path = JourneyTracker/Models/TrackingManager.swift; sourceTree = SOURCE_ROOT; };
		8CDFE8E7237E0E3600A3C464 /* CoreDataManager.swift */ = {isa = PBXFileReference; lastKnownFileType = sourcecode.swift; path = CoreDataManager.swift; sourceTree = "<group>"; };
		8CDFE8EE237E136D00A3C464 /* JourneyTableViewCell.swift */ = {isa = PBXFileReference; lastKnownFileType = sourcecode.swift; path = JourneyTableViewCell.swift; sourceTree = "<group>"; };
/* End PBXFileReference section */

/* Begin PBXFrameworksBuildPhase section */
		8C1845AB237C5A0D00C0D72F /* Frameworks */ = {
			isa = PBXFrameworksBuildPhase;
			buildActionMask = 2147483647;
			files = (
			);
			runOnlyForDeploymentPostprocessing = 0;
		};
		8C1845C4237C5A0F00C0D72F /* Frameworks */ = {
			isa = PBXFrameworksBuildPhase;
			buildActionMask = 2147483647;
			files = (
			);
			runOnlyForDeploymentPostprocessing = 0;
		};
/* End PBXFrameworksBuildPhase section */

/* Begin PBXGroup section */
		8C1845A5237C5A0D00C0D72F = {
			isa = PBXGroup;
			children = (
				8C1845B0237C5A0D00C0D72F /* JourneyTracker */,
				8C1845CA237C5A0F00C0D72F /* JourneyTrackerTests */,
				8C1845AF237C5A0D00C0D72F /* Products */,
			);
			sourceTree = "<group>";
		};
		8C1845AF237C5A0D00C0D72F /* Products */ = {
			isa = PBXGroup;
			children = (
				8C1845AE237C5A0D00C0D72F /* JourneyTracker.app */,
				8C1845C7237C5A0F00C0D72F /* JourneyTrackerTests.xctest */,
			);
			name = Products;
			sourceTree = "<group>";
		};
		8C1845B0237C5A0D00C0D72F /* JourneyTracker */ = {
			isa = PBXGroup;
			children = (
				8C1845D9237C5D4300C0D72F /* Services */,
				8C1845D8237C5D2B00C0D72F /* Dashboard */,
				8C1845D7237C5D1A00C0D72F /* Models */,
				8C1845D6237C5D0E00C0D72F /* Resources */,
			);
			path = JourneyTracker;
			sourceTree = "<group>";
		};
		8C1845CA237C5A0F00C0D72F /* JourneyTrackerTests */ = {
			isa = PBXGroup;
			children = (
				8C1845CB237C5A0F00C0D72F /* JourneyTrackerTests.swift */,
				8C1845CD237C5A0F00C0D72F /* Info.plist */,
			);
			path = JourneyTrackerTests;
			sourceTree = "<group>";
		};
		8C1845D6237C5D0E00C0D72F /* Resources */ = {
			isa = PBXGroup;
			children = (
				8C1845B1237C5A0D00C0D72F /* AppDelegate.swift */,
				8C1845B3237C5A0D00C0D72F /* SceneDelegate.swift */,
				8C1845B7237C5A0D00C0D72F /* Main.storyboard */,
				8C1845BD237C5A0F00C0D72F /* Assets.xcassets */,
				8C1845BF237C5A0F00C0D72F /* LaunchScreen.storyboard */,
				8C1845C2237C5A0F00C0D72F /* Info.plist */,
			);
			path = Resources;
			sourceTree = "<group>";
		};
		8C1845D7237C5D1A00C0D72F /* Models */ = {
			isa = PBXGroup;
			children = (
				8CDFE8E7237E0E3600A3C464 /* CoreDataManager.swift */,
				8C1845BA237C5A0D00C0D72F /* JourneyTracker.xcdatamodeld */,
			);
			path = Models;
			sourceTree = "<group>";
		};
		8C1845D8237C5D2B00C0D72F /* Dashboard */ = {
			isa = PBXGroup;
			children = (
				8CDFE8E9237E11FC00A3C464 /* Cells */,
				8C1845B5237C5A0D00C0D72F /* MapViewController.swift */,
				8C1845DA237C647500C0D72F /* JourneyViewController.swift */,
			);
			path = Dashboard;
			sourceTree = "<group>";
		};
		8C1845D9237C5D4300C0D72F /* Services */ = {
			isa = PBXGroup;
			children = (
				8C1845E5237E02EF00C0D72F /* TrackingManager.swift */,
			);
			path = Services;
			sourceTree = "<group>";
		};
		8CDFE8E9237E11FC00A3C464 /* Cells */ = {
			isa = PBXGroup;
			children = (
				8CDFE8EE237E136D00A3C464 /* JourneyTableViewCell.swift */,
			);
			path = Cells;
			sourceTree = "<group>";
		};
/* End PBXGroup section */

/* Begin PBXNativeTarget section */
		8C1845AD237C5A0D00C0D72F /* JourneyTracker */ = {
			isa = PBXNativeTarget;
			buildConfigurationList = 8C1845D0237C5A0F00C0D72F /* Build configuration list for PBXNativeTarget "JourneyTracker" */;
			buildPhases = (
				8C1845AA237C5A0D00C0D72F /* Sources */,
				8C1845AB237C5A0D00C0D72F /* Frameworks */,
				8C1845AC237C5A0D00C0D72F /* Resources */,
			);
			buildRules = (
			);
			dependencies = (
			);
			name = JourneyTracker;
			productName = JourneyTracker;
			productReference = 8C1845AE237C5A0D00C0D72F /* JourneyTracker.app */;
			productType = "com.apple.product-type.application";
		};
		8C1845C6237C5A0F00C0D72F /* JourneyTrackerTests */ = {
			isa = PBXNativeTarget;
			buildConfigurationList = 8C1845D3237C5A0F00C0D72F /* Build configuration list for PBXNativeTarget "JourneyTrackerTests" */;
			buildPhases = (
				8C1845C3237C5A0F00C0D72F /* Sources */,
				8C1845C4237C5A0F00C0D72F /* Frameworks */,
				8C1845C5237C5A0F00C0D72F /* Resources */,
			);
			buildRules = (
			);
			dependencies = (
				8C1845C9237C5A0F00C0D72F /* PBXTargetDependency */,
			);
			name = JourneyTrackerTests;
			productName = JourneyTrackerTests;
			productReference = 8C1845C7237C5A0F00C0D72F /* JourneyTrackerTests.xctest */;
			productType = "com.apple.product-type.bundle.unit-test";
		};
/* End PBXNativeTarget section */

/* Begin PBXProject section */
		8C1845A6237C5A0D00C0D72F /* Project object */ = {
			isa = PBXProject;
			attributes = {
				LastSwiftUpdateCheck = 1120;
				LastUpgradeCheck = 1120;
				ORGANIZATIONNAME = "Aidan Haley";
				TargetAttributes = {
					8C1845AD237C5A0D00C0D72F = {
						CreatedOnToolsVersion = 11.2.1;
					};
					8C1845C6237C5A0F00C0D72F = {
						CreatedOnToolsVersion = 11.2.1;
						TestTargetID = 8C1845AD237C5A0D00C0D72F;
					};
				};
			};
			buildConfigurationList = 8C1845A9237C5A0D00C0D72F /* Build configuration list for PBXProject "JourneyTracker" */;
			compatibilityVersion = "Xcode 9.3";
			developmentRegion = en;
			hasScannedForEncodings = 0;
			knownRegions = (
				en,
				Base,
			);
			mainGroup = 8C1845A5237C5A0D00C0D72F;
			productRefGroup = 8C1845AF237C5A0D00C0D72F /* Products */;
			projectDirPath = "";
			projectRoot = "";
			targets = (
				8C1845AD237C5A0D00C0D72F /* JourneyTracker */,
				8C1845C6237C5A0F00C0D72F /* JourneyTrackerTests */,
			);
		};
/* End PBXProject section */

/* Begin PBXResourcesBuildPhase section */
		8C1845AC237C5A0D00C0D72F /* Resources */ = {
			isa = PBXResourcesBuildPhase;
			buildActionMask = 2147483647;
			files = (
				8C1845C1237C5A0F00C0D72F /* LaunchScreen.storyboard in Resources */,
				8C1845BE237C5A0F00C0D72F /* Assets.xcassets in Resources */,
				8C1845B9237C5A0D00C0D72F /* Main.storyboard in Resources */,
			);
			runOnlyForDeploymentPostprocessing = 0;
		};
		8C1845C5237C5A0F00C0D72F /* Resources */ = {
			isa = PBXResourcesBuildPhase;
			buildActionMask = 2147483647;
			files = (
			);
			runOnlyForDeploymentPostprocessing = 0;
		};
/* End PBXResourcesBuildPhase section */

/* Begin PBXSourcesBuildPhase section */
		8C1845AA237C5A0D00C0D72F /* Sources */ = {
			isa = PBXSourcesBuildPhase;
			buildActionMask = 2147483647;
			files = (
				8C1845E6237E02EF00C0D72F /* TrackingManager.swift in Sources */,
				8C1845DB237C647500C0D72F /* JourneyViewController.swift in Sources */,
				8C1845B6237C5A0D00C0D72F /* MapViewController.swift in Sources */,
				8C1845B2237C5A0D00C0D72F /* AppDelegate.swift in Sources */,
				8CDFE8EF237E136D00A3C464 /* JourneyTableViewCell.swift in Sources */,
				8C1845B4237C5A0D00C0D72F /* SceneDelegate.swift in Sources */,
				8CDFE8E8237E0E3600A3C464 /* CoreDataManager.swift in Sources */,
				8C1845BC237C5A0D00C0D72F /* JourneyTracker.xcdatamodeld in Sources */,
			);
			runOnlyForDeploymentPostprocessing = 0;
		};
		8C1845C3237C5A0F00C0D72F /* Sources */ = {
			isa = PBXSourcesBuildPhase;
			buildActionMask = 2147483647;
			files = (
				8C1845CC237C5A0F00C0D72F /* JourneyTrackerTests.swift in Sources */,
			);
			runOnlyForDeploymentPostprocessing = 0;
		};
/* End PBXSourcesBuildPhase section */

/* Begin PBXTargetDependency section */
		8C1845C9237C5A0F00C0D72F /* PBXTargetDependency */ = {
			isa = PBXTargetDependency;
			target = 8C1845AD237C5A0D00C0D72F /* JourneyTracker */;
			targetProxy = 8C1845C8237C5A0F00C0D72F /* PBXContainerItemProxy */;
		};
/* End PBXTargetDependency section */

/* Begin PBXVariantGroup section */
		8C1845B7237C5A0D00C0D72F /* Main.storyboard */ = {
			isa = PBXVariantGroup;
			children = (
				8C1845B8237C5A0D00C0D72F /* Base */,
			);
			name = Main.storyboard;
			sourceTree = "<group>";
		};
		8C1845BF237C5A0F00C0D72F /* LaunchScreen.storyboard */ = {
			isa = PBXVariantGroup;
			children = (
				8C1845C0237C5A0F00C0D72F /* Base */,
			);
			name = LaunchScreen.storyboard;
			sourceTree = "<group>";
		};
/* End PBXVariantGroup section */

/* Begin XCBuildConfiguration section */
		8C1845CE237C5A0F00C0D72F /* Debug */ = {
			isa = XCBuildConfiguration;
			buildSettings = {
				ALWAYS_SEARCH_USER_PATHS = NO;
				CLANG_ANALYZER_NONNULL = YES;
				CLANG_ANALYZER_NUMBER_OBJECT_CONVERSION = YES_AGGRESSIVE;
				CLANG_CXX_LANGUAGE_STANDARD = "gnu++14";
				CLANG_CXX_LIBRARY = "libc++";
				CLANG_ENABLE_MODULES = YES;
				CLANG_ENABLE_OBJC_ARC = YES;
				CLANG_ENABLE_OBJC_WEAK = YES;
				CLANG_WARN_BLOCK_CAPTURE_AUTORELEASING = YES;
				CLANG_WARN_BOOL_CONVERSION = YES;
				CLANG_WARN_COMMA = YES;
				CLANG_WARN_CONSTANT_CONVERSION = YES;
				CLANG_WARN_DEPRECATED_OBJC_IMPLEMENTATIONS = YES;
				CLANG_WARN_DIRECT_OBJC_ISA_USAGE = YES_ERROR;
				CLANG_WARN_DOCUMENTATION_COMMENTS = YES;
				CLANG_WARN_EMPTY_BODY = YES;
				CLANG_WARN_ENUM_CONVERSION = YES;
				CLANG_WARN_INFINITE_RECURSION = YES;
				CLANG_WARN_INT_CONVERSION = YES;
				CLANG_WARN_NON_LITERAL_NULL_CONVERSION = YES;
				CLANG_WARN_OBJC_IMPLICIT_RETAIN_SELF = YES;
				CLANG_WARN_OBJC_LITERAL_CONVERSION = YES;
				CLANG_WARN_OBJC_ROOT_CLASS = YES_ERROR;
				CLANG_WARN_RANGE_LOOP_ANALYSIS = YES;
				CLANG_WARN_STRICT_PROTOTYPES = YES;
				CLANG_WARN_SUSPICIOUS_MOVE = YES;
				CLANG_WARN_UNGUARDED_AVAILABILITY = YES_AGGRESSIVE;
				CLANG_WARN_UNREACHABLE_CODE = YES;
				CLANG_WARN__DUPLICATE_METHOD_MATCH = YES;
				COPY_PHASE_STRIP = NO;
				DEBUG_INFORMATION_FORMAT = dwarf;
				ENABLE_STRICT_OBJC_MSGSEND = YES;
				ENABLE_TESTABILITY = YES;
				GCC_C_LANGUAGE_STANDARD = gnu11;
				GCC_DYNAMIC_NO_PIC = NO;
				GCC_NO_COMMON_BLOCKS = YES;
				GCC_OPTIMIZATION_LEVEL = 0;
				GCC_PREPROCESSOR_DEFINITIONS = (
					"DEBUG=1",
					"$(inherited)",
				);
				GCC_WARN_64_TO_32_BIT_CONVERSION = YES;
				GCC_WARN_ABOUT_RETURN_TYPE = YES_ERROR;
				GCC_WARN_UNDECLARED_SELECTOR = YES;
				GCC_WARN_UNINITIALIZED_AUTOS = YES_AGGRESSIVE;
				GCC_WARN_UNUSED_FUNCTION = YES;
				GCC_WARN_UNUSED_VARIABLE = YES;
				IPHONEOS_DEPLOYMENT_TARGET = 13.2;
				MTL_ENABLE_DEBUG_INFO = INCLUDE_SOURCE;
				MTL_FAST_MATH = YES;
				ONLY_ACTIVE_ARCH = YES;
				SDKROOT = iphoneos;
				SWIFT_ACTIVE_COMPILATION_CONDITIONS = DEBUG;
				SWIFT_OPTIMIZATION_LEVEL = "-Onone";
			};
			name = Debug;
		};
		8C1845CF237C5A0F00C0D72F /* Release */ = {
			isa = XCBuildConfiguration;
			buildSettings = {
				ALWAYS_SEARCH_USER_PATHS = NO;
				CLANG_ANALYZER_NONNULL = YES;
				CLANG_ANALYZER_NUMBER_OBJECT_CONVERSION = YES_AGGRESSIVE;
				CLANG_CXX_LANGUAGE_STANDARD = "gnu++14";
				CLANG_CXX_LIBRARY = "libc++";
				CLANG_ENABLE_MODULES = YES;
				CLANG_ENABLE_OBJC_ARC = YES;
				CLANG_ENABLE_OBJC_WEAK = YES;
				CLANG_WARN_BLOCK_CAPTURE_AUTORELEASING = YES;
				CLANG_WARN_BOOL_CONVERSION = YES;
				CLANG_WARN_COMMA = YES;
				CLANG_WARN_CONSTANT_CONVERSION = YES;
				CLANG_WARN_DEPRECATED_OBJC_IMPLEMENTATIONS = YES;
				CLANG_WARN_DIRECT_OBJC_ISA_USAGE = YES_ERROR;
				CLANG_WARN_DOCUMENTATION_COMMENTS = YES;
				CLANG_WARN_EMPTY_BODY = YES;
				CLANG_WARN_ENUM_CONVERSION = YES;
				CLANG_WARN_INFINITE_RECURSION = YES;
				CLANG_WARN_INT_CONVERSION = YES;
				CLANG_WARN_NON_LITERAL_NULL_CONVERSION = YES;
				CLANG_WARN_OBJC_IMPLICIT_RETAIN_SELF = YES;
				CLANG_WARN_OBJC_LITERAL_CONVERSION = YES;
				CLANG_WARN_OBJC_ROOT_CLASS = YES_ERROR;
				CLANG_WARN_RANGE_LOOP_ANALYSIS = YES;
				CLANG_WARN_STRICT_PROTOTYPES = YES;
				CLANG_WARN_SUSPICIOUS_MOVE = YES;
				CLANG_WARN_UNGUARDED_AVAILABILITY = YES_AGGRESSIVE;
				CLANG_WARN_UNREACHABLE_CODE = YES;
				CLANG_WARN__DUPLICATE_METHOD_MATCH = YES;
				COPY_PHASE_STRIP = NO;
				DEBUG_INFORMATION_FORMAT = "dwarf-with-dsym";
				ENABLE_NS_ASSERTIONS = NO;
				ENABLE_STRICT_OBJC_MSGSEND = YES;
				GCC_C_LANGUAGE_STANDARD = gnu11;
				GCC_NO_COMMON_BLOCKS = YES;
				GCC_WARN_64_TO_32_BIT_CONVERSION = YES;
				GCC_WARN_ABOUT_RETURN_TYPE = YES_ERROR;
				GCC_WARN_UNDECLARED_SELECTOR = YES;
				GCC_WARN_UNINITIALIZED_AUTOS = YES_AGGRESSIVE;
				GCC_WARN_UNUSED_FUNCTION = YES;
				GCC_WARN_UNUSED_VARIABLE = YES;
				IPHONEOS_DEPLOYMENT_TARGET = 13.2;
				MTL_ENABLE_DEBUG_INFO = NO;
				MTL_FAST_MATH = YES;
				SDKROOT = iphoneos;
				SWIFT_COMPILATION_MODE = wholemodule;
				SWIFT_OPTIMIZATION_LEVEL = "-O";
				VALIDATE_PRODUCT = YES;
			};
			name = Release;
		};
		8C1845D1237C5A0F00C0D72F /* Debug */ = {
			isa = XCBuildConfiguration;
			buildSettings = {
				ASSETCATALOG_COMPILER_APPICON_NAME = AppIcon;
				CODE_SIGN_STYLE = Automatic;
				DEVELOPMENT_TEAM = 3V8RM54MN3;
				INFOPLIST_FILE = "$(SRCROOT)/JourneyTracker/Resources/Info.plist";
				LD_RUNPATH_SEARCH_PATHS = (
					"$(inherited)",
					"@executable_path/Frameworks",
				);
				PRODUCT_BUNDLE_IDENTIFIER = com.akh.JourneyTracker;
				PRODUCT_NAME = "$(TARGET_NAME)";
				SWIFT_VERSION = 5.0;
				TARGETED_DEVICE_FAMILY = "1,2";
			};
			name = Debug;
		};
		8C1845D2237C5A0F00C0D72F /* Release */ = {
			isa = XCBuildConfiguration;
			buildSettings = {
				ASSETCATALOG_COMPILER_APPICON_NAME = AppIcon;
				CODE_SIGN_STYLE = Automatic;
				DEVELOPMENT_TEAM = 3V8RM54MN3;
				INFOPLIST_FILE = "$(SRCROOT)/JourneyTracker/Resources/Info.plist";
				LD_RUNPATH_SEARCH_PATHS = (
					"$(inherited)",
					"@executable_path/Frameworks",
				);
				PRODUCT_BUNDLE_IDENTIFIER = com.akh.JourneyTracker;
				PRODUCT_NAME = "$(TARGET_NAME)";
				SWIFT_VERSION = 5.0;
				TARGETED_DEVICE_FAMILY = "1,2";
			};
			name = Release;
		};
		8C1845D4237C5A0F00C0D72F /* Debug */ = {
			isa = XCBuildConfiguration;
			buildSettings = {
				ALWAYS_EMBED_SWIFT_STANDARD_LIBRARIES = YES;
				BUNDLE_LOADER = "$(TEST_HOST)";
				CODE_SIGN_STYLE = Automatic;
				DEVELOPMENT_TEAM = 3V8RM54MN3;
				INFOPLIST_FILE = JourneyTrackerTests/Info.plist;
				IPHONEOS_DEPLOYMENT_TARGET = 13.2;
				LD_RUNPATH_SEARCH_PATHS = (
					"$(inherited)",
					"@executable_path/Frameworks",
					"@loader_path/Frameworks",
				);
				PRODUCT_BUNDLE_IDENTIFIER = com.akh.JourneyTrackerTests;
				PRODUCT_NAME = "$(TARGET_NAME)";
				SWIFT_VERSION = 5.0;
				TARGETED_DEVICE_FAMILY = "1,2";
				TEST_HOST = "$(BUILT_PRODUCTS_DIR)/JourneyTracker.app/JourneyTracker";
			};
			name = Debug;
		};
		8C1845D5237C5A0F00C0D72F /* Release */ = {
			isa = XCBuildConfiguration;
			buildSettings = {
				ALWAYS_EMBED_SWIFT_STANDARD_LIBRARIES = YES;
				BUNDLE_LOADER = "$(TEST_HOST)";
				CODE_SIGN_STYLE = Automatic;
				DEVELOPMENT_TEAM = 3V8RM54MN3;
				INFOPLIST_FILE = JourneyTrackerTests/Info.plist;
				IPHONEOS_DEPLOYMENT_TARGET = 13.2;
				LD_RUNPATH_SEARCH_PATHS = (
					"$(inherited)",
					"@executable_path/Frameworks",
					"@loader_path/Frameworks",
				);
				PRODUCT_BUNDLE_IDENTIFIER = com.akh.JourneyTrackerTests;
				PRODUCT_NAME = "$(TARGET_NAME)";
				SWIFT_VERSION = 5.0;
				TARGETED_DEVICE_FAMILY = "1,2";
				TEST_HOST = "$(BUILT_PRODUCTS_DIR)/JourneyTracker.app/JourneyTracker";
			};
			name = Release;
		};
/* End XCBuildConfiguration section */

/* Begin XCConfigurationList section */
		8C1845A9237C5A0D00C0D72F /* Build configuration list for PBXProject "JourneyTracker" */ = {
			isa = XCConfigurationList;
			buildConfigurations = (
				8C1845CE237C5A0F00C0D72F /* Debug */,
				8C1845CF237C5A0F00C0D72F /* Release */,
			);
			defaultConfigurationIsVisible = 0;
			defaultConfigurationName = Release;
		};
		8C1845D0237C5A0F00C0D72F /* Build configuration list for PBXNativeTarget "JourneyTracker" */ = {
			isa = XCConfigurationList;
			buildConfigurations = (
				8C1845D1237C5A0F00C0D72F /* Debug */,
				8C1845D2237C5A0F00C0D72F /* Release */,
			);
			defaultConfigurationIsVisible = 0;
			defaultConfigurationName = Release;
		};
		8C1845D3237C5A0F00C0D72F /* Build configuration list for PBXNativeTarget "JourneyTrackerTests" */ = {
			isa = XCConfigurationList;
			buildConfigurations = (
				8C1845D4237C5A0F00C0D72F /* Debug */,
				8C1845D5237C5A0F00C0D72F /* Release */,
			);
			defaultConfigurationIsVisible = 0;
			defaultConfigurationName = Release;
		};
/* End XCConfigurationList section */

/* Begin XCVersionGroup section */
		8C1845BA237C5A0D00C0D72F /* JourneyTracker.xcdatamodeld */ = {
			isa = XCVersionGroup;
			children = (
				8C1845BB237C5A0D00C0D72F /* JourneyTracker.xcdatamodel */,
			);
			currentVersion = 8C1845BB237C5A0D00C0D72F /* JourneyTracker.xcdatamodel */;
			path = JourneyTracker.xcdatamodeld;
			sourceTree = "<group>";
			versionGroupType = wrapper.xcdatamodel;
		};
/* End XCVersionGroup section */
	};
	rootObject = 8C1845A6237C5A0D00C0D72F /* Project object */;
}
